Microsoft Visual Studio Solution File, Format Version 11.00
# Visual Studio 2008

Project("{72345A19-B5FA-3A76-4E76-F9CF98D04F40}") = "Dodoman", "Assembly-CSharp.csproj", "{C976145A-B16D-DE1C-BE0B-ADD313D634B1}"
EndProject
Global
	GlobalSection(SolutionConfigurationPlatforms) = preSolution
		Debug|Any CPU = Debug|Any CPU
		Release|Any CPU = Release|Any CPU
	EndGlobalSection
	GlobalSection(ProjectConfigurationPlatforms) = postSolution
		{C976145A-B16D-DE1C-BE0B-ADD313D634B1}.Debug|Any CPU.ActiveCfg = Debug|Any CPU
		{C976145A-B16D-DE1C-BE0B-ADD313D634B1}.Debug|Any CPU.Build.0 = Debug|Any CPU
		{C976145A-B16D-DE1C-BE0B-ADD313D634B1}.Release|Any CPU.ActiveCfg = Release|Any CPU
		{C976145A-B16D-DE1C-BE0B-ADD313D634B1}.Release|Any CPU.Build.0 = Release|Any CPU
	EndGlobalSection
	GlobalSection(SolutionProperties) = preSolution
		HideSolutionNode = FALSE
	EndGlobalSection
	GlobalSection(MonoDevelopProperties) = preSolution
		StartupItem = Assembly-CSharp.csproj
	EndGlobalSection
EndGlobal
